
Microsoft Visual Studio Solution File, Format Version 12.00
# Visual Studio Version 17
VisualStudioVersion = 17.2.32630.192
MinimumVisualStudioVersion = 10.0.40219.1
Project("{FAE04EC0-301F-11D3-BF4B-00C04F79EFBC}") = "AtvIntroducaoDotNet", "AtvIntroducaoDotNet\AtvIntroducaoDotNet.csproj", "{E1E4FDEE-7B1C-416B-9655-2200028413BF}"
EndProject
Global
	GlobalSection(SolutionConfigurationPlatforms) = preSolution
		Debug|Any CPU = Debug|Any CPU
		Release|Any CPU = Release|Any CPU
	EndGlobalSection
	GlobalSection(ProjectConfigurationPlatforms) = postSolution
		{E1E4FDEE-7B1C-416B-9655-2200028413BF}.Debug|Any CPU.ActiveCfg = Debug|Any CPU
		{E1E4FDEE-7B1C-416B-9655-2200028413BF}.Debug|Any CPU.Build.0 = Debug|Any CPU
		{E1E4FDEE-7B1C-416B-9655-2200028413BF}.Release|Any CPU.ActiveCfg = Release|Any CPU
		{E1E4FDEE-7B1C-416B-9655-2200028413BF}.Release|Any CPU.Build.0 = Release|Any CPU
	EndGlobalSection
	GlobalSection(SolutionProperties) = preSolution
		HideSolutionNode = FALSE
	EndGlobalSection
	GlobalSection(ExtensibilityGlobals) = postSolution
		SolutionGuid = {E5A60593-404B-4BD0-8CAE-E356C3965B13}
	EndGlobalSection
EndGlobal
